// !$*UTF8*$!
{
	archiveVersion = 1;
	classes = {
	};
	objectVersion = 56;
	objects = {

/* Begin PBXBuildFile section */
		A55E512A29E45A1B004D275E /* Home_Work_23App.swift in Sources */ = {isa = PBXBuildFile; fileRef = A55E512929E45A1B004D275E /* Home_Work_23App.swift */; };
		A55E512C29E45A1B004D275E /* MediaView.swift in Sources */ = {isa = PBXBuildFile; fileRef = A55E512B29E45A1B004D275E /* MediaView.swift */; };
		A55E512E29E45A1D004D275E /* Assets.xcassets in Resources */ = {isa = PBXBuildFile; fileRef = A55E512D29E45A1D004D275E /* Assets.xcassets */; };
		A55E513129E45A1D004D275E /* Preview Assets.xcassets in Resources */ = {isa = PBXBuildFile; fileRef = A55E513029E45A1D004D275E /* Preview Assets.xcassets */; };
		A55E513829E45A7F004D275E /* TabViewAppleMusic.swift in Sources */ = {isa = PBXBuildFile; fileRef = A55E513729E45A7F004D275E /* TabViewAppleMusic.swift */; };
		A55E513A29E46649004D275E /* MediaTitle.swift in Sources */ = {isa = PBXBuildFile; fileRef = A55E513929E46649004D275E /* MediaTitle.swift */; };
		A55E513E29E46A96004D275E /* MediaList.swift in Sources */ = {isa = PBXBuildFile; fileRef = A55E513D29E46A96004D275E /* MediaList.swift */; };
		A594AC4829E5AF8700BF87FE /* ContentView.swift in Sources */ = {isa = PBXBuildFile; fileRef = A594AC4729E5AF8700BF87FE /* ContentView.swift */; };
		A594AC4A29E5B25500BF87FE /* MediaRow.swift in Sources */ = {isa = PBXBuildFile; fileRef = A594AC4929E5B25500BF87FE /* MediaRow.swift */; };
		A594AC4C29E5B27E00BF87FE /* MediaModel.swift in Sources */ = {isa = PBXBuildFile; fileRef = A594AC4B29E5B27E00BF87FE /* MediaModel.swift */; };
/* End PBXBuildFile section */

/* Begin PBXFileReference section */
		A55E512629E45A1B004D275E /* Home Work 23.app */ = {isa = PBXFileReference; explicitFileType = wrapper.application; includeInIndex = 0; path = "Home Work 23.app"; sourceTree = BUILT_PRODUCTS_DIR; };
		A55E512929E45A1B004D275E /* Home_Work_23App.swift */ = {isa = PBXFileReference; lastKnownFileType = sourcecode.swift; path = Home_Work_23App.swift; sourceTree = "<group>"; };
		A55E512B29E45A1B004D275E /* MediaView.swift */ = {isa = PBXFileReference; lastKnownFileType = sourcecode.swift; path = MediaView.swift; sourceTree = "<group>"; };
		A55E512D29E45A1D004D275E /* Assets.xcassets */ = {isa = PBXFileReference; lastKnownFileType = folder.assetcatalog; path = Assets.xcassets; sourceTree = "<group>"; };
		A55E513029E45A1D004D275E /* Preview Assets.xcassets */ = {isa = PBXFileReference; lastKnownFileType = folder.assetcatalog; path = "Preview Assets.xcassets"; sourceTree = "<group>"; };
		A55E513729E45A7F004D275E /* TabViewAppleMusic.swift */ = {isa = PBXFileReference; lastKnownFileType = sourcecode.swift; path = TabViewAppleMusic.swift; sourceTree = "<group>"; };
		A55E513929E46649004D275E /* MediaTitle.swift */ = {isa = PBXFileReference; lastKnownFileType = sourcecode.swift; path = MediaTitle.swift; sourceTree = "<group>"; };
		A55E513D29E46A96004D275E /* MediaList.swift */ = {isa = PBXFileReference; lastKnownFileType = sourcecode.swift; path = MediaList.swift; sourceTree = "<group>"; };
		A594AC4729E5AF8700BF87FE /* ContentView.swift */ = {isa = PBXFileReference; lastKnownFileType = sourcecode.swift; path = ContentView.swift; sourceTree = "<group>"; };
		A594AC4929E5B25500BF87FE /* MediaRow.swift */ = {isa = PBXFileReference; lastKnownFileType = sourcecode.swift; path = MediaRow.swift; sourceTree = "<group>"; };
		A594AC4B29E5B27E00BF87FE /* MediaModel.swift */ = {isa = PBXFileReference; lastKnownFileType = sourcecode.swift; path = MediaModel.swift; sourceTree = "<group>"; };
/* End PBXFileReference section */

/* Begin PBXFrameworksBuildPhase section */
		A55E512329E45A1B004D275E /* Frameworks */ = {
			isa = PBXFrameworksBuildPhase;
			buildActionMask = 2147483647;
			files = (
			);
			runOnlyForDeploymentPostprocessing = 0;
		};
/* End PBXFrameworksBuildPhase section */

/* Begin PBXGroup section */
		A55E511D29E45A1B004D275E = {
			isa = PBXGroup;
			children = (
				A55E512829E45A1B004D275E /* Home Work 23 */,
				A55E512729E45A1B004D275E /* Products */,
			);
			sourceTree = "<group>";
		};
		A55E512729E45A1B004D275E /* Products */ = {
			isa = PBXGroup;
			children = (
				A55E512629E45A1B004D275E /* Home Work 23.app */,
			);
			name = Products;
			sourceTree = "<group>";
		};
		A55E512829E45A1B004D275E /* Home Work 23 */ = {
			isa = PBXGroup;
			children = (
				A594AC4E29E5B2CC00BF87FE /* App */,
				A594AC4629E5AF3C00BF87FE /* TabBarView */,
				A594AC4229E5AD6C00BF87FE /* Modules */,
				A55E512D29E45A1D004D275E /* Assets.xcassets */,
				A55E512F29E45A1D004D275E /* Preview Content */,
			);
			path = "Home Work 23";
			sourceTree = "<group>";
		};
		A55E512F29E45A1D004D275E /* Preview Content */ = {
			isa = PBXGroup;
			children = (
				A55E513029E45A1D004D275E /* Preview Assets.xcassets */,
			);
			path = "Preview Content";
			sourceTree = "<group>";
		};
		A594AC4229E5AD6C00BF87FE /* Modules */ = {
			isa = PBXGroup;
			children = (
				A594AC4429E5AF1000BF87FE /* ModuleMediaLibrary */,
				A594AC4D29E5B29600BF87FE /* ModuleRadio */,
				A594AC4F29E5B30700BF87FE /* ModuleSearch */,
			);
			path = Modules;
			sourceTree = "<group>";
		};
		A594AC4329E5AF0900BF87FE /* Model */ = {
			isa = PBXGroup;
			children = (
				A594AC4B29E5B27E00BF87FE /* MediaModel.swift */,
			);
			path = Model;
			sourceTree = "<group>";
		};
		A594AC4429E5AF1000BF87FE /* ModuleMediaLibrary */ = {
			isa = PBXGroup;
			children = (
				A594AC4329E5AF0900BF87FE /* Model */,
				A594AC4529E5AF2400BF87FE /* Views */,
			);
			path = ModuleMediaLibrary;
			sourceTree = "<group>";
		};
		A594AC4529E5AF2400BF87FE /* Views */ = {
			isa = PBXGroup;
			children = (
				A55E512B29E45A1B004D275E /* MediaView.swift */,
				A55E513D29E46A96004D275E /* MediaList.swift */,
				A55E513929E46649004D275E /* MediaTitle.swift */,
				A594AC4929E5B25500BF87FE /* MediaRow.swift */,
			);
			path = Views;
			sourceTree = "<group>";
		};
		A594AC4629E5AF3C00BF87FE /* TabBarView */ = {
			isa = PBXGroup;
			children = (
				A55E513729E45A7F004D275E /* TabViewAppleMusic.swift */,
			);
			path = TabBarView;
			sourceTree = "<group>";
		};
		A594AC4D29E5B29600BF87FE /* ModuleRadio */ = {
			isa = PBXGroup;
			children = (
			);
			path = ModuleRadio;
			sourceTree = "<group>";
		};
		A594AC4E29E5B2CC00BF87FE /* App */ = {
			isa = PBXGroup;
			children = (
				A55E512929E45A1B004D275E /* Home_Work_23App.swift */,
				A594AC4729E5AF8700BF87FE /* ContentView.swift */,
			);
			path = App;
			sourceTree = "<group>";
		};
		A594AC4F29E5B30700BF87FE /* ModuleSearch */ = {
			isa = PBXGroup;
			children = (
			);
			path = ModuleSearch;
			sourceTree = "<group>";
		};
/* End PBXGroup section */

/* Begin PBXNativeTarget section */
		A55E512529E45A1B004D275E /* Home Work 23 */ = {
			isa = PBXNativeTarget;
			buildConfigurationList = A55E513429E45A1D004D275E /* Build configuration list for PBXNativeTarget "Home Work 23" */;
			buildPhases = (
				A55E512229E45A1B004D275E /* Sources */,
				A55E512329E45A1B004D275E /* Frameworks */,
				A55E512429E45A1B004D275E /* Resources */,
			);
			buildRules = (
			);
			dependencies = (
			);
			name = "Home Work 23";
			productName = "Home Work 23";
			productReference = A55E512629E45A1B004D275E /* Home Work 23.app */;
			productType = "com.apple.product-type.application";
		};
/* End PBXNativeTarget section */

/* Begin PBXProject section */
		A55E511E29E45A1B004D275E /* Project object */ = {
			isa = PBXProject;
			attributes = {
				BuildIndependentTargetsInParallel = 1;
				LastSwiftUpdateCheck = 1420;
				LastUpgradeCheck = 1420;
				TargetAttributes = {
					A55E512529E45A1B004D275E = {
						CreatedOnToolsVersion = 14.2;
					};
				};
			};
			buildConfigurationList = A55E512129E45A1B004D275E /* Build configuration list for PBXProject "Home Work 23" */;
			compatibilityVersion = "Xcode 14.0";
			developmentRegion = en;
			hasScannedForEncodings = 0;
			knownRegions = (
				en,
				Base,
			);
			mainGroup = A55E511D29E45A1B004D275E;
			productRefGroup = A55E512729E45A1B004D275E /* Products */;
			projectDirPath = "";
			projectRoot = "";
			targets = (
				A55E512529E45A1B004D275E /* Home Work 23 */,
			);
		};
/* End PBXProject section */

/* Begin PBXResourcesBuildPhase section */
		A55E512429E45A1B004D275E /* Resources */ = {
			isa = PBXResourcesBuildPhase;
			buildActionMask = 2147483647;
			files = (
				A55E513129E45A1D004D275E /* Preview Assets.xcassets in Resources */,
				A55E512E29E45A1D004D275E /* Assets.xcassets in Resources */,
			);
			runOnlyForDeploymentPostprocessing = 0;
		};
/* End PBXResourcesBuildPhase section */

/* Begin PBXSourcesBuildPhase section */
		A55E512229E45A1B004D275E /* Sources */ = {
			isa = PBXSourcesBuildPhase;
			buildActionMask = 2147483647;
			files = (
				A55E512C29E45A1B004D275E /* MediaView.swift in Sources */,
				A55E513829E45A7F004D275E /* TabViewAppleMusic.swift in Sources */,
				A594AC4829E5AF8700BF87FE /* ContentView.swift in Sources */,
				A55E513E29E46A96004D275E /* MediaList.swift in Sources */,
				A594AC4C29E5B27E00BF87FE /* MediaModel.swift in Sources */,
				A594AC4A29E5B25500BF87FE /* MediaRow.swift in Sources */,
				A55E513A29E46649004D275E /* MediaTitle.swift in Sources */,
				A55E512A29E45A1B004D275E /* Home_Work_23App.swift in Sources */,
			);
			runOnlyForDeploymentPostprocessing = 0;
		};
/* End PBXSourcesBuildPhase section */

/* Begin XCBuildConfiguration section */
		A55E513229E45A1D004D275E /* Debug */ = {
			isa = XCBuildConfiguration;
			buildSettings = {
				ALWAYS_SEARCH_USER_PATHS = NO;
				CLANG_ANALYZER_NONNULL = YES;
				CLANG_ANALYZER_NUMBER_OBJECT_CONVERSION = YES_AGGRESSIVE;
				CLANG_CXX_LANGUAGE_STANDARD = "gnu++20";
				CLANG_ENABLE_MODULES = YES;
				CLANG_ENABLE_OBJC_ARC = YES;
				CLANG_ENABLE_OBJC_WEAK = YES;
				CLANG_WARN_BLOCK_CAPTURE_AUTORELEASING = YES;
				CLANG_WARN_BOOL_CONVERSION = YES;
				CLANG_WARN_COMMA = YES;
				CLANG_WARN_CONSTANT_CONVERSION = YES;
				CLANG_WARN_DEPRECATED_OBJC_IMPLEMENTATIONS = YES;
				CLANG_WARN_DIRECT_OBJC_ISA_USAGE = YES_ERROR;
				CLANG_WARN_DOCUMENTATION_COMMENTS = YES;
				CLANG_WARN_EMPTY_BODY = YES;
				CLANG_WARN_ENUM_CONVERSION = YES;
				CLANG_WARN_INFINITE_RECURSION = YES;
				CLANG_WARN_INT_CONVERSION = YES;
				CLANG_WARN_NON_LITERAL_NULL_CONVERSION = YES;
				CLANG_WARN_OBJC_IMPLICIT_RETAIN_SELF = YES;
				CLANG_WARN_OBJC_LITERAL_CONVERSION = YES;
				CLANG_WARN_OBJC_ROOT_CLASS = YES_ERROR;
				CLANG_WARN_QUOTED_INCLUDE_IN_FRAMEWORK_HEADER = YES;
				CLANG_WARN_RANGE_LOOP_ANALYSIS = YES;
				CLANG_WARN_STRICT_PROTOTYPES = YES;
				CLANG_WARN_SUSPICIOUS_MOVE = YES;
				CLANG_WARN_UNGUARDED_AVAILABILITY = YES_AGGRESSIVE;
				CLANG_WARN_UNREACHABLE_CODE = YES;
				CLANG_WARN__DUPLICATE_METHOD_MATCH = YES;
				COPY_PHASE_STRIP = NO;
				DEBUG_INFORMATION_FORMAT = dwarf;
				ENABLE_STRICT_OBJC_MSGSEND = YES;
				ENABLE_TESTABILITY = YES;
				GCC_C_LANGUAGE_STANDARD = gnu11;
				GCC_DYNAMIC_NO_PIC = NO;
				GCC_NO_COMMON_BLOCKS = YES;
				GCC_OPTIMIZATION_LEVEL = 0;
				GCC_PREPROCESSOR_DEFINITIONS = (
					"DEBUG=1",
					"$(inherited)",
				);
				GCC_WARN_64_TO_32_BIT_CONVERSION = YES;
				GCC_WARN_ABOUT_RETURN_TYPE = YES_ERROR;
				GCC_WARN_UNDECLARED_SELECTOR = YES;
				GCC_WARN_UNINITIALIZED_AUTOS = YES_AGGRESSIVE;
				GCC_WARN_UNUSED_FUNCTION = YES;
				GCC_WARN_UNUSED_VARIABLE = YES;
				IPHONEOS_DEPLOYMENT_TARGET = 16.2;
				MTL_ENABLE_DEBUG_INFO = INCLUDE_SOURCE;
				MTL_FAST_MATH = YES;
				ONLY_ACTIVE_ARCH = YES;
				SDKROOT = iphoneos;
				SWIFT_ACTIVE_COMPILATION_CONDITIONS = DEBUG;
				SWIFT_OPTIMIZATION_LEVEL = "-Onone";
			};
			name = Debug;
		};
		A55E513329E45A1D004D275E /* Release */ = {
			isa = XCBuildConfiguration;
			buildSettings = {
				ALWAYS_SEARCH_USER_PATHS = NO;
				CLANG_ANALYZER_NONNULL = YES;
				CLANG_ANALYZER_NUMBER_OBJECT_CONVERSION = YES_AGGRESSIVE;
				CLANG_CXX_LANGUAGE_STANDARD = "gnu++20";
				CLANG_ENABLE_MODULES = YES;
				CLANG_ENABLE_OBJC_ARC = YES;
				CLANG_ENABLE_OBJC_WEAK = YES;
				CLANG_WARN_BLOCK_CAPTURE_AUTORELEASING = YES;
				CLANG_WARN_BOOL_CONVERSION = YES;
				CLANG_WARN_COMMA = YES;
				CLANG_WARN_CONSTANT_CONVERSION = YES;
				CLANG_WARN_DEPRECATED_OBJC_IMPLEMENTATIONS = YES;
				CLANG_WARN_DIRECT_OBJC_ISA_USAGE = YES_ERROR;
				CLANG_WARN_DOCUMENTATION_COMMENTS = YES;
				CLANG_WARN_EMPTY_BODY = YES;
				CLANG_WARN_ENUM_CONVERSION = YES;
				CLANG_WARN_INFINITE_RECURSION = YES;
				CLANG_WARN_INT_CONVERSION = YES;
				CLANG_WARN_NON_LITERAL_NULL_CONVERSION = YES;
				CLANG_WARN_OBJC_IMPLICIT_RETAIN_SELF = YES;
				CLANG_WARN_OBJC_LITERAL_CONVERSION = YES;
				CLANG_WARN_OBJC_ROOT_CLASS = YES_ERROR;
				CLANG_WARN_QUOTED_INCLUDE_IN_FRAMEWORK_HEADER = YES;
				CLANG_WARN_RANGE_LOOP_ANALYSIS = YES;
				CLANG_WARN_STRICT_PROTOTYPES = YES;
				CLANG_WARN_SUSPICIOUS_MOVE = YES;
				CLANG_WARN_UNGUARDED_AVAILABILITY = YES_AGGRESSIVE;
				CLANG_WARN_UNREACHABLE_CODE = YES;
				CLANG_WARN__DUPLICATE_METHOD_MATCH = YES;
				COPY_PHASE_STRIP = NO;
				DEBUG_INFORMATION_FORMAT = "dwarf-with-dsym";
				ENABLE_NS_ASSERTIONS = NO;
				ENABLE_STRICT_OBJC_MSGSEND = YES;
				GCC_C_LANGUAGE_STANDARD = gnu11;
				GCC_NO_COMMON_BLOCKS = YES;
				GCC_WARN_64_TO_32_BIT_CONVERSION = YES;
				GCC_WARN_ABOUT_RETURN_TYPE = YES_ERROR;
				GCC_WARN_UNDECLARED_SELECTOR = YES;
				GCC_WARN_UNINITIALIZED_AUTOS = YES_AGGRESSIVE;
				GCC_WARN_UNUSED_FUNCTION = YES;
				GCC_WARN_UNUSED_VARIABLE = YES;
				IPHONEOS_DEPLOYMENT_TARGET = 16.2;
				MTL_ENABLE_DEBUG_INFO = NO;
				MTL_FAST_MATH = YES;
				SDKROOT = iphoneos;
				SWIFT_COMPILATION_MODE = wholemodule;
				SWIFT_OPTIMIZATION_LEVEL = "-O";
				VALIDATE_PRODUCT = YES;
			};
			name = Release;
		};
		A55E513529E45A1D004D275E /* Debug */ = {
			isa = XCBuildConfiguration;
			buildSettings = {
				ASSETCATALOG_COMPILER_APPICON_NAME = AppIcon;
				ASSETCATALOG_COMPILER_GLOBAL_ACCENT_COLOR_NAME = AccentColor;
				CODE_SIGN_STYLE = Automatic;
				CURRENT_PROJECT_VERSION = 1;
				DEVELOPMENT_ASSET_PATHS = "\"Home Work 23/Preview Content\"";
				DEVELOPMENT_TEAM = 8PHY3R68LB;
				ENABLE_PREVIEWS = YES;
				GENERATE_INFOPLIST_FILE = YES;
				INFOPLIST_KEY_UIApplicationSceneManifest_Generation = YES;
				INFOPLIST_KEY_UIApplicationSupportsIndirectInputEvents = YES;
				INFOPLIST_KEY_UILaunchScreen_Generation = YES;
				INFOPLIST_KEY_UISupportedInterfaceOrientations_iPad = "UIInterfaceOrientationPortrait UIInterfaceOrientationPortraitUpsideDown UIInterfaceOrientationLandscapeLeft UIInterfaceOrientationLandscapeRight";
				INFOPLIST_KEY_UISupportedInterfaceOrientations_iPhone = "UIInterfaceOrientationPortrait UIInterfaceOrientationLandscapeLeft UIInterfaceOrientationLandscapeRight";
				LD_RUNPATH_SEARCH_PATHS = (
					"$(inherited)",
					"@executable_path/Frameworks",
				);
				MARKETING_VERSION = 1.0;
				PRODUCT_BUNDLE_IDENTIFIER = "com.my.Home-Work-23";
				PRODUCT_NAME = "$(TARGET_NAME)";
				SWIFT_EMIT_LOC_STRINGS = YES;
				SWIFT_VERSION = 5.0;
				TARGETED_DEVICE_FAMILY = "1,2";
			};
			name = Debug;
		};
		A55E513629E45A1D004D275E /* Release */ = {
			isa = XCBuildConfiguration;
			buildSettings = {
				ASSETCATALOG_COMPILER_APPICON_NAME = AppIcon;
				ASSETCATALOG_COMPILER_GLOBAL_ACCENT_COLOR_NAME = AccentColor;
				CODE_SIGN_STYLE = Automatic;
				CURRENT_PROJECT_VERSION = 1;
				DEVELOPMENT_ASSET_PATHS = "\"Home Work 23/Preview Content\"";
				DEVELOPMENT_TEAM = 8PHY3R68LB;
				ENABLE_PREVIEWS = YES;
				GENERATE_INFOPLIST_FILE = YES;
				INFOPLIST_KEY_UIApplicationSceneManifest_Generation = YES;
				INFOPLIST_KEY_UIApplicationSupportsIndirectInputEvents = YES;
				INFOPLIST_KEY_UILaunchScreen_Generation = YES;
				INFOPLIST_KEY_UISupportedInterfaceOrientations_iPad = "UIInterfaceOrientationPortrait UIInterfaceOrientationPortraitUpsideDown UIInterfaceOrientationLandscapeLeft UIInterfaceOrientationLandscapeRight";
				INFOPLIST_KEY_UISupportedInterfaceOrientations_iPhone = "UIInterfaceOrientationPortrait UIInterfaceOrientationLandscapeLeft UIInterfaceOrientationLandscapeRight";
				LD_RUNPATH_SEARCH_PATHS = (
					"$(inherited)",
					"@executable_path/Frameworks",
				);
				MARKETING_VERSION = 1.0;
				PRODUCT_BUNDLE_IDENTIFIER = "com.my.Home-Work-23";
				PRODUCT_NAME = "$(TARGET_NAME)";
				SWIFT_EMIT_LOC_STRINGS = YES;
				SWIFT_VERSION = 5.0;
				TARGETED_DEVICE_FAMILY = "1,2";
			};
			name = Release;
		};
/* End XCBuildConfiguration section */

/* Begin XCConfigurationList section */
		A55E512129E45A1B004D275E /* Build configuration list for PBXProject "Home Work 23" */ = {
			isa = XCConfigurationList;
			buildConfigurations = (
				A55E513229E45A1D004D275E /* Debug */,
				A55E513329E45A1D004D275E /* Release */,
			);
			defaultConfigurationIsVisible = 0;
			defaultConfigurationName = Release;
		};
		A55E513429E45A1D004D275E /* Build configuration list for PBXNativeTarget "Home Work 23" */ = {
			isa = XCConfigurationList;
			buildConfigurations = (
				A55E513529E45A1D004D275E /* Debug */,
				A55E513629E45A1D004D275E /* Release */,
			);
			defaultConfigurationIsVisible = 0;
			defaultConfigurationName = Release;
		};
/* End XCConfigurationList section */
	};
	rootObject = A55E511E29E45A1B004D275E /* Project object */;
}
